
Microsoft Visual Studio Solution File, Format Version 12.00
# Visual Studio 15
Project("{FAE04EC0-301F-11D3-BF4B-00C04F79EFBC}") = "Unity.Timeline", "Unity.Timeline.csproj", "{896092AF-58BD-817D-3DE9-65A2E9179002}"
EndProject
Project("{FAE04EC0-301F-11D3-BF4B-00C04F79EFBC}") = "Unity.Timeline.Editor", "Unity.Timeline.Editor.csproj", "{C7813023-C4EA-FEF9-9344-266B1D60DFFB}"
EndProject
Project("{FAE04EC0-301F-11D3-BF4B-00C04F79EFBC}") = "Unity.2D.Tilemap.Editor", "Unity.2D.Tilemap.Editor.csproj", "{DC4194B6-F398-F0BD-6F42-CCE084560246}"
EndProject
Project("{FAE04EC0-301F-11D3-BF4B-00C04F79EFBC}") = "Unity.TextMeshPro.Editor", "Unity.TextMeshPro.Editor.csproj", "{D54601B9-295F-B5D2-28A0-0C40FAB8AE2B}"
EndProject
Project("{FAE04EC0-301F-11D3-BF4B-00C04F79EFBC}") = "Unity.2D.Aseprite.Editor", "Unity.2D.Aseprite.Editor.csproj", "{F1D63541-B2CB-C35D-5FC0-9BB1C346A7DB}"
EndProject
Project("{FAE04EC0-301F-11D3-BF4B-00C04F79EFBC}") = "Unity.VisualScripting.Flow", "Unity.VisualScripting.Flow.csproj", "{8746E8E6-D879-8A24-EEDA-CCF8DED8455D}"
EndProject
Project("{FAE04EC0-301F-11D3-BF4B-00C04F79EFBC}") = "UnityEditor.UI", "UnityEditor.UI.csproj", "{AAB866BD-1202-398E-B1DE-CF1F7D8D1C88}"
EndProject
Project("{FAE04EC0-301F-11D3-BF4B-00C04F79EFBC}") = "Unity.PlasticSCM.Editor", "Unity.PlasticSCM.Editor.csproj", "{E164A230-A70D-A5AC-E40E-482BE0B530F0}"
EndProject
Project("{FAE04EC0-301F-11D3-BF4B-00C04F79EFBC}") = "Unity.2D.Psdimporter.Editor", "Unity.2D.Psdimporter.Editor.csproj", "{8AA106B5-7116-3F99-8347-63C0E6CFF7FF}"
EndProject
Project("{FAE04EC0-301F-11D3-BF4B-00C04F79EFBC}") = "Unity.InputSystem", "Unity.InputSystem.csproj", "{073E24CE-175F-BC41-719A-5800027CCD99}"
EndProject
Project("{FAE04EC0-301F-11D3-BF4B-00C04F79EFBC}") = "Unity.VisualScripting.Core", "Unity.VisualScripting.Core.csproj", "{72A2F9E6-D37F-F08D-1745-B01DDB100B2B}"
EndProject
Project("{FAE04EC0-301F-11D3-BF4B-00C04F79EFBC}") = "Unity.Mathematics", "Unity.Mathematics.csproj", "{DD0125E2-18A8-A640-DD23-B380033D18B3}"
EndProject
Project("{FAE04EC0-301F-11D3-BF4B-00C04F79EFBC}") = "Unity.2D.Animation.Editor", "Unity.2D.Animation.Editor.csproj", "{64DF5CA4-076D-8567-AC3F-DD46371F0A9F}"
EndProject
Project("{FAE04EC0-301F-11D3-BF4B-00C04F79EFBC}") = "Unity.2D.Common.Path.Editor", "Unity.2D.Common.Path.Editor.csproj", "{FE5A4449-4677-6121-0B94-DA66F6FB30B1}"
EndProject
Project("{FAE04EC0-301F-11D3-BF4B-00C04F79EFBC}") = "Unity.VisualScripting.Core.Editor", "Unity.VisualScripting.Core.Editor.csproj", "{DF09D751-C527-FBAA-DEE9-4A4867E12BE7}"
EndProject
Project("{FAE04EC0-301F-11D3-BF4B-00C04F79EFBC}") = "Unity.2D.IK.Runtime", "Unity.2D.IK.Runtime.csproj", "{1DC4AF3B-D906-AFCA-D02B-DD4959C18EE1}"
EndProject
Project("{FAE04EC0-301F-11D3-BF4B-00C04F79EFBC}") = "Unity.VisualScripting.Flow.Editor", "Unity.VisualScripting.Flow.Editor.csproj", "{14B31612-D0F2-94C4-7E9B-FCAA8704D4ED}"
EndProject
Project("{FAE04EC0-301F-11D3-BF4B-00C04F79EFBC}") = "UnityEditor.TestRunner", "UnityEditor.TestRunner.csproj", "{F800F249-F271-9873-1126-5823772995B6}"
EndProject
Project("{FAE04EC0-301F-11D3-BF4B-00C04F79EFBC}") = "Unity.VisualScripting.SettingsProvider.Editor", "Unity.VisualScripting.SettingsProvider.Editor.csproj", "{42D970B9-482C-ACBB-6479-BCE8735A2BE8}"
EndProject
Project("{FAE04EC0-301F-11D3-BF4B-00C04F79EFBC}") = "UnityEngine.TestRunner", "UnityEngine.TestRunner.csproj", "{BBC6C14F-7C17-C318-9B8F-E59187AA8ED3}"
EndProject
Project("{FAE04EC0-301F-11D3-BF4B-00C04F79EFBC}") = "PsdPlugin", "PsdPlugin.csproj", "{85905EDC-74F5-F517-FB6D-B7A1EB363230}"
EndProject
Project("{FAE04EC0-301F-11D3-BF4B-00C04F79EFBC}") = "Unity.Burst", "Unity.Burst.csproj", "{C7EFFE50-CCC6-21C0-1CE2-7C6460848C50}"
EndProject
Project("{FAE04EC0-301F-11D3-BF4B-00C04F79EFBC}") = "UnityEngine.UI", "UnityEngine.UI.csproj", "{384EEA6C-2ADE-500F-E5E8-D9618F132BB7}"
EndProject
Project("{FAE04EC0-301F-11D3-BF4B-00C04F79EFBC}") = "Unity.Collections", "Unity.Collections.csproj", "{E6C599D4-0FC0-20EE-CB43-2D37DB77B869}"
EndProject
Project("{FAE04EC0-301F-11D3-BF4B-00C04F79EFBC}") = "Unity.2D.SpriteShape.Editor", "Unity.2D.SpriteShape.Editor.csproj", "{95C70D5E-6172-578B-CB42-E93E80A05A13}"
EndProject
Project("{FAE04EC0-301F-11D3-BF4B-00C04F79EFBC}") = "Unity.VisualStudio.Editor", "Unity.VisualStudio.Editor.csproj", "{7319B844-C695-A7C5-2885-6198419C39AA}"
EndProject
Project("{FAE04EC0-301F-11D3-BF4B-00C04F79EFBC}") = "Unity.2D.Tilemap.Extras.Editor", "Unity.2D.Tilemap.Extras.Editor.csproj", "{0DDE696E-C2B7-0FA8-3297-229F427DA657}"
EndProject
Project("{FAE04EC0-301F-11D3-BF4B-00C04F79EFBC}") = "views", "views.csproj", "{BDF4EA92-F918-0194-1489-3AC463C8917F}"
EndProject
Project("{FAE04EC0-301F-11D3-BF4B-00C04F79EFBC}") = "Unity.Rider.Editor", "Unity.Rider.Editor.csproj", "{B41C6EF9-2C18-4FDC-A83C-25EC86DF1C0E}"
EndProject
Project("{FAE04EC0-301F-11D3-BF4B-00C04F79EFBC}") = "Unity.InternalAPIEditorBridge.001", "Unity.InternalAPIEditorBridge.001.csproj", "{88D8AE42-2614-CB7B-6CF6-27CE6C38DF89}"
EndProject
Project("{FAE04EC0-301F-11D3-BF4B-00C04F79EFBC}") = "Unity.2D.SpriteShape.Runtime", "Unity.2D.SpriteShape.Runtime.csproj", "{33AF878A-706F-306C-AEC2-C7D0AF608F15}"
EndProject
Project("{FAE04EC0-301F-11D3-BF4B-00C04F79EFBC}") = "Unity.VisualScripting.State.Editor", "Unity.VisualScripting.State.Editor.csproj", "{72C6F543-8B57-606E-0BF2-F429E07BA18A}"
EndProject
Project("{FAE04EC0-301F-11D3-BF4B-00C04F79EFBC}") = "Unity.2D.Animation.Runtime", "Unity.2D.Animation.Runtime.csproj", "{9061A2F6-E9C0-C925-2EB2-45ABFDDB0A2F}"
EndProject
Project("{FAE04EC0-301F-11D3-BF4B-00C04F79EFBC}") = "utils", "utils.csproj", "{FE618952-FB07-7B0F-BFC1-B5BA83AA4ED1}"
EndProject
Project("{FAE04EC0-301F-11D3-BF4B-00C04F79EFBC}") = "Unity.Burst.CodeGen", "Unity.Burst.CodeGen.csproj", "{9DCA3CC0-D699-8CF2-9034-BEE88D11AD05}"
EndProject
Project("{FAE04EC0-301F-11D3-BF4B-00C04F79EFBC}") = "Unity.2D.Tilemap.Extras", "Unity.2D.Tilemap.Extras.csproj", "{E2246737-4A18-B25C-5C32-A71F6414308D}"
EndProject
Project("{FAE04EC0-301F-11D3-BF4B-00C04F79EFBC}") = "Unity.VisualScripting.State", "Unity.VisualScripting.State.csproj", "{372A8247-8A92-CA4B-4797-0328B5CF62E1}"
EndProject
Project("{FAE04EC0-301F-11D3-BF4B-00C04F79EFBC}") = "Unity.TextMeshPro", "Unity.TextMeshPro.csproj", "{6CB760E6-5DDC-39F3-6FCF-BD8D0114A930}"
EndProject
Project("{FAE04EC0-301F-11D3-BF4B-00C04F79EFBC}") = "game", "game.csproj", "{A7F5F749-5D77-7402-34AD-DCFDA70E1F34}"
EndProject
Project("{FAE04EC0-301F-11D3-BF4B-00C04F79EFBC}") = "Unity.2D.Aseprite.Common", "Unity.2D.Aseprite.Common.csproj", "{6805A0F3-2A83-BD63-C9B6-37125B9D7A98}"
EndProject
Project("{FAE04EC0-301F-11D3-BF4B-00C04F79EFBC}") = "Unity.2D.IK.Editor", "Unity.2D.IK.Editor.csproj", "{9B940A44-9545-4BCF-A89A-51DAF954AEDB}"
EndProject
Project("{FAE04EC0-301F-11D3-BF4B-00C04F79EFBC}") = "Unity.InternalAPIEngineBridge.001", "Unity.InternalAPIEngineBridge.001.csproj", "{E8E1A50D-0AFC-CCA5-93E6-FDBD9F66BD06}"
EndProject
Project("{FAE04EC0-301F-11D3-BF4B-00C04F79EFBC}") = "Unity.Burst.Editor", "Unity.Burst.Editor.csproj", "{DB8AE5BF-E976-E66A-2E68-81E7DC7507F7}"
EndProject
Project("{FAE04EC0-301F-11D3-BF4B-00C04F79EFBC}") = "Unity.2D.Common.Editor", "Unity.2D.Common.Editor.csproj", "{EE187F18-5898-4B36-47B6-A14C14F25AAF}"
EndProject
Project("{FAE04EC0-301F-11D3-BF4B-00C04F79EFBC}") = "Unity.2D.Sprite.Editor", "Unity.2D.Sprite.Editor.csproj", "{6610223A-9A0F-E62A-2249-9252AB542A68}"
EndProject
Project("{FAE04EC0-301F-11D3-BF4B-00C04F79EFBC}") = "ui", "ui.csproj", "{28697DB0-EBEB-4D37-7BED-106BAE5940BB}"
EndProject
Project("{FAE04EC0-301F-11D3-BF4B-00C04F79EFBC}") = "Unity.2D.PixelPerfect", "Unity.2D.PixelPerfect.csproj", "{57493F1C-9D02-9DF3-8C86-05D487E60431}"
EndProject
Project("{FAE04EC0-301F-11D3-BF4B-00C04F79EFBC}") = "Unity.2D.PixelPerfect.Editor", "Unity.2D.PixelPerfect.Editor.csproj", "{7B36CB63-3B5F-46D1-8809-8BF4A635D6F3}"
EndProject
Project("{FAE04EC0-301F-11D3-BF4B-00C04F79EFBC}") = "Unity.2D.Common.Runtime", "Unity.2D.Common.Runtime.csproj", "{B0D807E0-7B98-40AD-7B7A-B4F0B03097CE}"
EndProject
Project("{FAE04EC0-301F-11D3-BF4B-00C04F79EFBC}") = "Unity.InputSystem.ForUI", "Unity.InputSystem.ForUI.csproj", "{B1B5AAA8-A541-8E48-A7A2-8531D190C935}"
EndProject
Project("{FAE04EC0-301F-11D3-BF4B-00C04F79EFBC}") = "Unity.Mathematics.Editor", "Unity.Mathematics.Editor.csproj", "{CE9003D1-7987-334E-8A01-D721AD507BF6}"
EndProject
Project("{FAE04EC0-301F-11D3-BF4B-00C04F79EFBC}") = "Unity.InputSystem.TestFramework", "Unity.InputSystem.TestFramework.csproj", "{49796393-E6D7-887E-42F7-CA2973ECA848}"
EndProject
Project("{FAE04EC0-301F-11D3-BF4B-00C04F79EFBC}") = "Unity.Collections.BurstCompatibilityGen", "Unity.Collections.BurstCompatibilityGen.csproj", "{4ADDFEC8-18B0-53F7-D76A-B53CCFE03A5F}"
EndProject
Project("{FAE04EC0-301F-11D3-BF4B-00C04F79EFBC}") = "Unity.InternalAPIEditorBridge.005", "Unity.InternalAPIEditorBridge.005.csproj", "{F08EC15C-A1EC-B4FC-679D-CFF3CAA155B5}"
EndProject
Project("{FAE04EC0-301F-11D3-BF4B-00C04F79EFBC}") = "Unity.VisualScripting.Shared.Editor", "Unity.VisualScripting.Shared.Editor.csproj", "{9BE3066A-05C6-9685-ECAD-DF39EB65C757}"
EndProject
Project("{FAE04EC0-301F-11D3-BF4B-00C04F79EFBC}") = "Unity.Collections.DocCodeSamples", "Unity.Collections.DocCodeSamples.csproj", "{CC309ADA-8733-37C7-9FC4-6357527491EA}"
EndProject
Project("{FAE04EC0-301F-11D3-BF4B-00C04F79EFBC}") = "configs", "configs.csproj", "{3549AD40-45B9-313C-AB05-94EA985FE3F0}"
EndProject
Project("{FAE04EC0-301F-11D3-BF4B-00C04F79EFBC}") = "Unity.CollabProxy.Editor", "Unity.CollabProxy.Editor.csproj", "{5320E29F-9286-A093-099E-C648E984E14B}"
EndProject
Project("{FAE04EC0-301F-11D3-BF4B-00C04F79EFBC}") = "core", "core.csproj", "{A9C0B95C-6649-7348-921D-590FA8C5E051}"
EndProject
Global
	GlobalSection(SolutionConfigurationPlatforms) = preSolution
		Debug|Any CPU = Debug|Any CPU
		Release|Any CPU = Release|Any CPU
	EndGlobalSection
	GlobalSection(ProjectConfigurationPlatforms) = postSolution
		{896092AF-58BD-817D-3DE9-65A2E9179002}.Debug|Any CPU.ActiveCfg = Debug|Any CPU
		{896092AF-58BD-817D-3DE9-65A2E9179002}.Debug|Any CPU.Build.0 = Debug|Any CPU
		{896092AF-58BD-817D-3DE9-65A2E9179002}.Release|Any CPU.ActiveCfg = Release|Any CPU
		{896092AF-58BD-817D-3DE9-65A2E9179002}.Release|Any CPU.Build.0 = Release|Any CPU
		{C7813023-C4EA-FEF9-9344-266B1D60DFFB}.Debug|Any CPU.ActiveCfg = Debug|Any CPU
		{C7813023-C4EA-FEF9-9344-266B1D60DFFB}.Debug|Any CPU.Build.0 = Debug|Any CPU
		{C7813023-C4EA-FEF9-9344-266B1D60DFFB}.Release|Any CPU.ActiveCfg = Release|Any CPU
		{C7813023-C4EA-FEF9-9344-266B1D60DFFB}.Release|Any CPU.Build.0 = Release|Any CPU
		{DC4194B6-F398-F0BD-6F42-CCE084560246}.Debug|Any CPU.ActiveCfg = Debug|Any CPU
		{DC4194B6-F398-F0BD-6F42-CCE084560246}.Debug|Any CPU.Build.0 = Debug|Any CPU
		{DC4194B6-F398-F0BD-6F42-CCE084560246}.Release|Any CPU.ActiveCfg = Release|Any CPU
		{DC4194B6-F398-F0BD-6F42-CCE084560246}.Release|Any CPU.Build.0 = Release|Any CPU
		{D54601B9-295F-B5D2-28A0-0C40FAB8AE2B}.Debug|Any CPU.ActiveCfg = Debug|Any CPU
		{D54601B9-295F-B5D2-28A0-0C40FAB8AE2B}.Debug|Any CPU.Build.0 = Debug|Any CPU
		{D54601B9-295F-B5D2-28A0-0C40FAB8AE2B}.Release|Any CPU.ActiveCfg = Release|Any CPU
		{D54601B9-295F-B5D2-28A0-0C40FAB8AE2B}.Release|Any CPU.Build.0 = Release|Any CPU
		{F1D63541-B2CB-C35D-5FC0-9BB1C346A7DB}.Debug|Any CPU.ActiveCfg = Debug|Any CPU
		{F1D63541-B2CB-C35D-5FC0-9BB1C346A7DB}.Debug|Any CPU.Build.0 = Debug|Any CPU
		{F1D63541-B2CB-C35D-5FC0-9BB1C346A7DB}.Release|Any CPU.ActiveCfg = Release|Any CPU
		{F1D63541-B2CB-C35D-5FC0-9BB1C346A7DB}.Release|Any CPU.Build.0 = Release|Any CPU
		{8746E8E6-D879-8A24-EEDA-CCF8DED8455D}.Debug|Any CPU.ActiveCfg = Debug|Any CPU
		{8746E8E6-D879-8A24-EEDA-CCF8DED8455D}.Debug|Any CPU.Build.0 = Debug|Any CPU
		{8746E8E6-D879-8A24-EEDA-CCF8DED8455D}.Release|Any CPU.ActiveCfg = Release|Any CPU
		{8746E8E6-D879-8A24-EEDA-CCF8DED8455D}.Release|Any CPU.Build.0 = Release|Any CPU
		{AAB866BD-1202-398E-B1DE-CF1F7D8D1C88}.Debug|Any CPU.ActiveCfg = Debug|Any CPU
		{AAB866BD-1202-398E-B1DE-CF1F7D8D1C88}.Debug|Any CPU.Build.0 = Debug|Any CPU
		{AAB866BD-1202-398E-B1DE-CF1F7D8D1C88}.Release|Any CPU.ActiveCfg = Release|Any CPU
		{AAB866BD-1202-398E-B1DE-CF1F7D8D1C88}.Release|Any CPU.Build.0 = Release|Any CPU
		{E164A230-A70D-A5AC-E40E-482BE0B530F0}.Debug|Any CPU.ActiveCfg = Debug|Any CPU
		{E164A230-A70D-A5AC-E40E-482BE0B530F0}.Debug|Any CPU.Build.0 = Debug|Any CPU
		{E164A230-A70D-A5AC-E40E-482BE0B530F0}.Release|Any CPU.ActiveCfg = Release|Any CPU
		{E164A230-A70D-A5AC-E40E-482BE0B530F0}.Release|Any CPU.Build.0 = Release|Any CPU
		{8AA106B5-7116-3F99-8347-63C0E6CFF7FF}.Debug|Any CPU.ActiveCfg = Debug|Any CPU
		{8AA106B5-7116-3F99-8347-63C0E6CFF7FF}.Debug|Any CPU.Build.0 = Debug|Any CPU
		{8AA106B5-7116-3F99-8347-63C0E6CFF7FF}.Release|Any CPU.ActiveCfg = Release|Any CPU
		{8AA106B5-7116-3F99-8347-63C0E6CFF7FF}.Release|Any CPU.Build.0 = Release|Any CPU
		{073E24CE-175F-BC41-719A-5800027CCD99}.Debug|Any CPU.ActiveCfg = Debug|Any CPU
		{073E24CE-175F-BC41-719A-5800027CCD99}.Debug|Any CPU.Build.0 = Debug|Any CPU
		{073E24CE-175F-BC41-719A-5800027CCD99}.Release|Any CPU.ActiveCfg = Release|Any CPU
		{073E24CE-175F-BC41-719A-5800027CCD99}.Release|Any CPU.Build.0 = Release|Any CPU
		{72A2F9E6-D37F-F08D-1745-B01DDB100B2B}.Debug|Any CPU.ActiveCfg = Debug|Any CPU
		{72A2F9E6-D37F-F08D-1745-B01DDB100B2B}.Debug|Any CPU.Build.0 = Debug|Any CPU
		{72A2F9E6-D37F-F08D-1745-B01DDB100B2B}.Release|Any CPU.ActiveCfg = Release|Any CPU
		{72A2F9E6-D37F-F08D-1745-B01DDB100B2B}.Release|Any CPU.Build.0 = Release|Any CPU
		{DD0125E2-18A8-A640-DD23-B380033D18B3}.Debug|Any CPU.ActiveCfg = Debug|Any CPU
		{DD0125E2-18A8-A640-DD23-B380033D18B3}.Debug|Any CPU.Build.0 = Debug|Any CPU
		{DD0125E2-18A8-A640-DD23-B380033D18B3}.Release|Any CPU.ActiveCfg = Release|Any CPU
		{DD0125E2-18A8-A640-DD23-B380033D18B3}.Release|Any CPU.Build.0 = Release|Any CPU
		{64DF5CA4-076D-8567-AC3F-DD46371F0A9F}.Debug|Any CPU.ActiveCfg = Debug|Any CPU
		{64DF5CA4-076D-8567-AC3F-DD46371F0A9F}.Debug|Any CPU.Build.0 = Debug|Any CPU
		{64DF5CA4-076D-8567-AC3F-DD46371F0A9F}.Release|Any CPU.ActiveCfg = Release|Any CPU
		{64DF5CA4-076D-8567-AC3F-DD46371F0A9F}.Release|Any CPU.Build.0 = Release|Any CPU
		{FE5A4449-4677-6121-0B94-DA66F6FB30B1}.Debug|Any CPU.ActiveCfg = Debug|Any CPU
		{FE5A4449-4677-6121-0B94-DA66F6FB30B1}.Debug|Any CPU.Build.0 = Debug|Any CPU
		{FE5A4449-4677-6121-0B94-DA66F6FB30B1}.Release|Any CPU.ActiveCfg = Release|Any CPU
		{FE5A4449-4677-6121-0B94-DA66F6FB30B1}.Release|Any CPU.Build.0 = Release|Any CPU
		{DF09D751-C527-FBAA-DEE9-4A4867E12BE7}.Debug|Any CPU.ActiveCfg = Debug|Any CPU
		{DF09D751-C527-FBAA-DEE9-4A4867E12BE7}.Debug|Any CPU.Build.0 = Debug|Any CPU
		{DF09D751-C527-FBAA-DEE9-4A4867E12BE7}.Release|Any CPU.ActiveCfg = Release|Any CPU
		{DF09D751-C527-FBAA-DEE9-4A4867E12BE7}.Release|Any CPU.Build.0 = Release|Any CPU
		{1DC4AF3B-D906-AFCA-D02B-DD4959C18EE1}.Debug|Any CPU.ActiveCfg = Debug|Any CPU
		{1DC4AF3B-D906-AFCA-D02B-DD4959C18EE1}.Debug|Any CPU.Build.0 = Debug|Any CPU
		{1DC4AF3B-D906-AFCA-D02B-DD4959C18EE1}.Release|Any CPU.ActiveCfg = Release|Any CPU
		{1DC4AF3B-D906-AFCA-D02B-DD4959C18EE1}.Release|Any CPU.Build.0 = Release|Any CPU
		{14B31612-D0F2-94C4-7E9B-FCAA8704D4ED}.Debug|Any CPU.ActiveCfg = Debug|Any CPU
		{14B31612-D0F2-94C4-7E9B-FCAA8704D4ED}.Debug|Any CPU.Build.0 = Debug|Any CPU
		{14B31612-D0F2-94C4-7E9B-FCAA8704D4ED}.Release|Any CPU.ActiveCfg = Release|Any CPU
		{14B31612-D0F2-94C4-7E9B-FCAA8704D4ED}.Release|Any CPU.Build.0 = Release|Any CPU
		{F800F249-F271-9873-1126-5823772995B6}.Debug|Any CPU.ActiveCfg = Debug|Any CPU
		{F800F249-F271-9873-1126-5823772995B6}.Debug|Any CPU.Build.0 = Debug|Any CPU
		{F800F249-F271-9873-1126-5823772995B6}.Release|Any CPU.ActiveCfg = Release|Any CPU
		{F800F249-F271-9873-1126-5823772995B6}.Release|Any CPU.Build.0 = Release|Any CPU
		{42D970B9-482C-ACBB-6479-BCE8735A2BE8}.Debug|Any CPU.ActiveCfg = Debug|Any CPU
		{42D970B9-482C-ACBB-6479-BCE8735A2BE8}.Debug|Any CPU.Build.0 = Debug|Any CPU
		{42D970B9-482C-ACBB-6479-BCE8735A2BE8}.Release|Any CPU.ActiveCfg = Release|Any CPU
		{42D970B9-482C-ACBB-6479-BCE8735A2BE8}.Release|Any CPU.Build.0 = Release|Any CPU
		{BBC6C14F-7C17-C318-9B8F-E59187AA8ED3}.Debug|Any CPU.ActiveCfg = Debug|Any CPU
		{BBC6C14F-7C17-C318-9B8F-E59187AA8ED3}.Debug|Any CPU.Build.0 = Debug|Any CPU
		{BBC6C14F-7C17-C318-9B8F-E59187AA8ED3}.Release|Any CPU.ActiveCfg = Release|Any CPU
		{BBC6C14F-7C17-C318-9B8F-E59187AA8ED3}.Release|Any CPU.Build.0 = Release|Any CPU
		{85905EDC-74F5-F517-FB6D-B7A1EB363230}.Debug|Any CPU.ActiveCfg = Debug|Any CPU
		{85905EDC-74F5-F517-FB6D-B7A1EB363230}.Debug|Any CPU.Build.0 = Debug|Any CPU
		{85905EDC-74F5-F517-FB6D-B7A1EB363230}.Release|Any CPU.ActiveCfg = Release|Any CPU
		{85905EDC-74F5-F517-FB6D-B7A1EB363230}.Release|Any CPU.Build.0 = Release|Any CPU
		{C7EFFE50-CCC6-21C0-1CE2-7C6460848C50}.Debug|Any CPU.ActiveCfg = Debug|Any CPU
		{C7EFFE50-CCC6-21C0-1CE2-7C6460848C50}.Debug|Any CPU.Build.0 = Debug|Any CPU
		{C7EFFE50-CCC6-21C0-1CE2-7C6460848C50}.Release|Any CPU.ActiveCfg = Release|Any CPU
		{C7EFFE50-CCC6-21C0-1CE2-7C6460848C50}.Release|Any CPU.Build.0 = Release|Any CPU
		{384EEA6C-2ADE-500F-E5E8-D9618F132BB7}.Debug|Any CPU.ActiveCfg = Debug|Any CPU
		{384EEA6C-2ADE-500F-E5E8-D9618F132BB7}.Debug|Any CPU.Build.0 = Debug|Any CPU
		{384EEA6C-2ADE-500F-E5E8-D9618F132BB7}.Release|Any CPU.ActiveCfg = Release|Any CPU
		{384EEA6C-2ADE-500F-E5E8-D9618F132BB7}.Release|Any CPU.Build.0 = Release|Any CPU
		{E6C599D4-0FC0-20EE-CB43-2D37DB77B869}.Debug|Any CPU.ActiveCfg = Debug|Any CPU
		{E6C599D4-0FC0-20EE-CB43-2D37DB77B869}.Debug|Any CPU.Build.0 = Debug|Any CPU
		{E6C599D4-0FC0-20EE-CB43-2D37DB77B869}.Release|Any CPU.ActiveCfg = Release|Any CPU
		{E6C599D4-0FC0-20EE-CB43-2D37DB77B869}.Release|Any CPU.Build.0 = Release|Any CPU
		{95C70D5E-6172-578B-CB42-E93E80A05A13}.Debug|Any CPU.ActiveCfg = Debug|Any CPU
		{95C70D5E-6172-578B-CB42-E93E80A05A13}.Debug|Any CPU.Build.0 = Debug|Any CPU
		{95C70D5E-6172-578B-CB42-E93E80A05A13}.Release|Any CPU.ActiveCfg = Release|Any CPU
		{95C70D5E-6172-578B-CB42-E93E80A05A13}.Release|Any CPU.Build.0 = Release|Any CPU
		{7319B844-C695-A7C5-2885-6198419C39AA}.Debug|Any CPU.ActiveCfg = Debug|Any CPU
		{7319B844-C695-A7C5-2885-6198419C39AA}.Debug|Any CPU.Build.0 = Debug|Any CPU
		{7319B844-C695-A7C5-2885-6198419C39AA}.Release|Any CPU.ActiveCfg = Release|Any CPU
		{7319B844-C695-A7C5-2885-6198419C39AA}.Release|Any CPU.Build.0 = Release|Any CPU
		{0DDE696E-C2B7-0FA8-3297-229F427DA657}.Debug|Any CPU.ActiveCfg = Debug|Any CPU
		{0DDE696E-C2B7-0FA8-3297-229F427DA657}.Debug|Any CPU.Build.0 = Debug|Any CPU
		{0DDE696E-C2B7-0FA8-3297-229F427DA657}.Release|Any CPU.ActiveCfg = Release|Any CPU
		{0DDE696E-C2B7-0FA8-3297-229F427DA657}.Release|Any CPU.Build.0 = Release|Any CPU
		{BDF4EA92-F918-0194-1489-3AC463C8917F}.Debug|Any CPU.ActiveCfg = Debug|Any CPU
		{BDF4EA92-F918-0194-1489-3AC463C8917F}.Debug|Any CPU.Build.0 = Debug|Any CPU
		{BDF4EA92-F918-0194-1489-3AC463C8917F}.Release|Any CPU.ActiveCfg = Release|Any CPU
		{BDF4EA92-F918-0194-1489-3AC463C8917F}.Release|Any CPU.Build.0 = Release|Any CPU
		{B41C6EF9-2C18-4FDC-A83C-25EC86DF1C0E}.Debug|Any CPU.ActiveCfg = Debug|Any CPU
		{B41C6EF9-2C18-4FDC-A83C-25EC86DF1C0E}.Debug|Any CPU.Build.0 = Debug|Any CPU
		{B41C6EF9-2C18-4FDC-A83C-25EC86DF1C0E}.Release|Any CPU.ActiveCfg = Release|Any CPU
		{B41C6EF9-2C18-4FDC-A83C-25EC86DF1C0E}.Release|Any CPU.Build.0 = Release|Any CPU
		{88D8AE42-2614-CB7B-6CF6-27CE6C38DF89}.Debug|Any CPU.ActiveCfg = Debug|Any CPU
		{88D8AE42-2614-CB7B-6CF6-27CE6C38DF89}.Debug|Any CPU.Build.0 = Debug|Any CPU
		{88D8AE42-2614-CB7B-6CF6-27CE6C38DF89}.Release|Any CPU.ActiveCfg = Release|Any CPU
		{88D8AE42-2614-CB7B-6CF6-27CE6C38DF89}.Release|Any CPU.Build.0 = Release|Any CPU
		{33AF878A-706F-306C-AEC2-C7D0AF608F15}.Debug|Any CPU.ActiveCfg = Debug|Any CPU
		{33AF878A-706F-306C-AEC2-C7D0AF608F15}.Debug|Any CPU.Build.0 = Debug|Any CPU
		{33AF878A-706F-306C-AEC2-C7D0AF608F15}.Release|Any CPU.ActiveCfg = Release|Any CPU
		{33AF878A-706F-306C-AEC2-C7D0AF608F15}.Release|Any CPU.Build.0 = Release|Any CPU
		{72C6F543-8B57-606E-0BF2-F429E07BA18A}.Debug|Any CPU.ActiveCfg = Debug|Any CPU
		{72C6F543-8B57-606E-0BF2-F429E07BA18A}.Debug|Any CPU.Build.0 = Debug|Any CPU
		{72C6F543-8B57-606E-0BF2-F429E07BA18A}.Release|Any CPU.ActiveCfg = Release|Any CPU
		{72C6F543-8B57-606E-0BF2-F429E07BA18A}.Release|Any CPU.Build.0 = Release|Any CPU
		{9061A2F6-E9C0-C925-2EB2-45ABFDDB0A2F}.Debug|Any CPU.ActiveCfg = Debug|Any CPU
		{9061A2F6-E9C0-C925-2EB2-45ABFDDB0A2F}.Debug|Any CPU.Build.0 = Debug|Any CPU
		{9061A2F6-E9C0-C925-2EB2-45ABFDDB0A2F}.Release|Any CPU.ActiveCfg = Release|Any CPU
		{9061A2F6-E9C0-C925-2EB2-45ABFDDB0A2F}.Release|Any CPU.Build.0 = Release|Any CPU
		{FE618952-FB07-7B0F-BFC1-B5BA83AA4ED1}.Debug|Any CPU.ActiveCfg = Debug|Any CPU
		{FE618952-FB07-7B0F-BFC1-B5BA83AA4ED1}.Debug|Any CPU.Build.0 = Debug|Any CPU
		{FE618952-FB07-7B0F-BFC1-B5BA83AA4ED1}.Release|Any CPU.ActiveCfg = Release|Any CPU
		{FE618952-FB07-7B0F-BFC1-B5BA83AA4ED1}.Release|Any CPU.Build.0 = Release|Any CPU
		{9DCA3CC0-D699-8CF2-9034-BEE88D11AD05}.Debug|Any CPU.ActiveCfg = Debug|Any CPU
		{9DCA3CC0-D699-8CF2-9034-BEE88D11AD05}.Debug|Any CPU.Build.0 = Debug|Any CPU
		{9DCA3CC0-D699-8CF2-9034-BEE88D11AD05}.Release|Any CPU.ActiveCfg = Release|Any CPU
		{9DCA3CC0-D699-8CF2-9034-BEE88D11AD05}.Release|Any CPU.Build.0 = Release|Any CPU
		{E2246737-4A18-B25C-5C32-A71F6414308D}.Debug|Any CPU.ActiveCfg = Debug|Any CPU
		{E2246737-4A18-B25C-5C32-A71F6414308D}.Debug|Any CPU.Build.0 = Debug|Any CPU
		{E2246737-4A18-B25C-5C32-A71F6414308D}.Release|Any CPU.ActiveCfg = Release|Any CPU
		{E2246737-4A18-B25C-5C32-A71F6414308D}.Release|Any CPU.Build.0 = Release|Any CPU
		{372A8247-8A92-CA4B-4797-0328B5CF62E1}.Debug|Any CPU.ActiveCfg = Debug|Any CPU
		{372A8247-8A92-CA4B-4797-0328B5CF62E1}.Debug|Any CPU.Build.0 = Debug|Any CPU
		{372A8247-8A92-CA4B-4797-0328B5CF62E1}.Release|Any CPU.ActiveCfg = Release|Any CPU
		{372A8247-8A92-CA4B-4797-0328B5CF62E1}.Release|Any CPU.Build.0 = Release|Any CPU
		{6CB760E6-5DDC-39F3-6FCF-BD8D0114A930}.Debug|Any CPU.ActiveCfg = Debug|Any CPU
		{6CB760E6-5DDC-39F3-6FCF-BD8D0114A930}.Debug|Any CPU.Build.0 = Debug|Any CPU
		{6CB760E6-5DDC-39F3-6FCF-BD8D0114A930}.Release|Any CPU.ActiveCfg = Release|Any CPU
		{6CB760E6-5DDC-39F3-6FCF-BD8D0114A930}.Release|Any CPU.Build.0 = Release|Any CPU
		{A7F5F749-5D77-7402-34AD-DCFDA70E1F34}.Debug|Any CPU.ActiveCfg = Debug|Any CPU
		{A7F5F749-5D77-7402-34AD-DCFDA70E1F34}.Debug|Any CPU.Build.0 = Debug|Any CPU
		{A7F5F749-5D77-7402-34AD-DCFDA70E1F34}.Release|Any CPU.ActiveCfg = Release|Any CPU
		{A7F5F749-5D77-7402-34AD-DCFDA70E1F34}.Release|Any CPU.Build.0 = Release|Any CPU
		{6805A0F3-2A83-BD63-C9B6-37125B9D7A98}.Debug|Any CPU.ActiveCfg = Debug|Any CPU
		{6805A0F3-2A83-BD63-C9B6-37125B9D7A98}.Debug|Any CPU.Build.0 = Debug|Any CPU
		{6805A0F3-2A83-BD63-C9B6-37125B9D7A98}.Release|Any CPU.ActiveCfg = Release|Any CPU
		{6805A0F3-2A83-BD63-C9B6-37125B9D7A98}.Release|Any CPU.Build.0 = Release|Any CPU
		{9B940A44-9545-4BCF-A89A-51DAF954AEDB}.Debug|Any CPU.ActiveCfg = Debug|Any CPU
		{9B940A44-9545-4BCF-A89A-51DAF954AEDB}.Debug|Any CPU.Build.0 = Debug|Any CPU
		{9B940A44-9545-4BCF-A89A-51DAF954AEDB}.Release|Any CPU.ActiveCfg = Release|Any CPU
		{9B940A44-9545-4BCF-A89A-51DAF954AEDB}.Release|Any CPU.Build.0 = Release|Any CPU
		{E8E1A50D-0AFC-CCA5-93E6-FDBD9F66BD06}.Debug|Any CPU.ActiveCfg = Debug|Any CPU
		{E8E1A50D-0AFC-CCA5-93E6-FDBD9F66BD06}.Debug|Any CPU.Build.0 = Debug|Any CPU
		{E8E1A50D-0AFC-CCA5-93E6-FDBD9F66BD06}.Release|Any CPU.ActiveCfg = Release|Any CPU
		{E8E1A50D-0AFC-CCA5-93E6-FDBD9F66BD06}.Release|Any CPU.Build.0 = Release|Any CPU
		{DB8AE5BF-E976-E66A-2E68-81E7DC7507F7}.Debug|Any CPU.ActiveCfg = Debug|Any CPU
		{DB8AE5BF-E976-E66A-2E68-81E7DC7507F7}.Debug|Any CPU.Build.0 = Debug|Any CPU
		{DB8AE5BF-E976-E66A-2E68-81E7DC7507F7}.Release|Any CPU.ActiveCfg = Release|Any CPU
		{DB8AE5BF-E976-E66A-2E68-81E7DC7507F7}.Release|Any CPU.Build.0 = Release|Any CPU
		{EE187F18-5898-4B36-47B6-A14C14F25AAF}.Debug|Any CPU.ActiveCfg = Debug|Any CPU
		{EE187F18-5898-4B36-47B6-A14C14F25AAF}.Debug|Any CPU.Build.0 = Debug|Any CPU
		{EE187F18-5898-4B36-47B6-A14C14F25AAF}.Release|Any CPU.ActiveCfg = Release|Any CPU
		{EE187F18-5898-4B36-47B6-A14C14F25AAF}.Release|Any CPU.Build.0 = Release|Any CPU
		{6610223A-9A0F-E62A-2249-9252AB542A68}.Debug|Any CPU.ActiveCfg = Debug|Any CPU
		{6610223A-9A0F-E62A-2249-9252AB542A68}.Debug|Any CPU.Build.0 = Debug|Any CPU
		{6610223A-9A0F-E62A-2249-9252AB542A68}.Release|Any CPU.ActiveCfg = Release|Any CPU
		{6610223A-9A0F-E62A-2249-9252AB542A68}.Release|Any CPU.Build.0 = Release|Any CPU
		{28697DB0-EBEB-4D37-7BED-106BAE5940BB}.Debug|Any CPU.ActiveCfg = Debug|Any CPU
		{28697DB0-EBEB-4D37-7BED-106BAE5940BB}.Debug|Any CPU.Build.0 = Debug|Any CPU
		{28697DB0-EBEB-4D37-7BED-106BAE5940BB}.Release|Any CPU.ActiveCfg = Release|Any CPU
		{28697DB0-EBEB-4D37-7BED-106BAE5940BB}.Release|Any CPU.Build.0 = Release|Any CPU
		{57493F1C-9D02-9DF3-8C86-05D487E60431}.Debug|Any CPU.ActiveCfg = Debug|Any CPU
		{57493F1C-9D02-9DF3-8C86-05D487E60431}.Debug|Any CPU.Build.0 = Debug|Any CPU
		{57493F1C-9D02-9DF3-8C86-05D487E60431}.Release|Any CPU.ActiveCfg = Release|Any CPU
		{57493F1C-9D02-9DF3-8C86-05D487E60431}.Release|Any CPU.Build.0 = Release|Any CPU
		{7B36CB63-3B5F-46D1-8809-8BF4A635D6F3}.Debug|Any CPU.ActiveCfg = Debug|Any CPU
		{7B36CB63-3B5F-46D1-8809-8BF4A635D6F3}.Debug|Any CPU.Build.0 = Debug|Any CPU
		{7B36CB63-3B5F-46D1-8809-8BF4A635D6F3}.Release|Any CPU.ActiveCfg = Release|Any CPU
		{7B36CB63-3B5F-46D1-8809-8BF4A635D6F3}.Release|Any CPU.Build.0 = Release|Any CPU
		{B0D807E0-7B98-40AD-7B7A-B4F0B03097CE}.Debug|Any CPU.ActiveCfg = Debug|Any CPU
		{B0D807E0-7B98-40AD-7B7A-B4F0B03097CE}.Debug|Any CPU.Build.0 = Debug|Any CPU
		{B0D807E0-7B98-40AD-7B7A-B4F0B03097CE}.Release|Any CPU.ActiveCfg = Release|Any CPU
		{B0D807E0-7B98-40AD-7B7A-B4F0B03097CE}.Release|Any CPU.Build.0 = Release|Any CPU
		{B1B5AAA8-A541-8E48-A7A2-8531D190C935}.Debug|Any CPU.ActiveCfg = Debug|Any CPU
		{B1B5AAA8-A541-8E48-A7A2-8531D190C935}.Debug|Any CPU.Build.0 = Debug|Any CPU
		{B1B5AAA8-A541-8E48-A7A2-8531D190C935}.Release|Any CPU.ActiveCfg = Release|Any CPU
		{B1B5AAA8-A541-8E48-A7A2-8531D190C935}.Release|Any CPU.Build.0 = Release|Any CPU
		{CE9003D1-7987-334E-8A01-D721AD507BF6}.Debug|Any CPU.ActiveCfg = Debug|Any CPU
		{CE9003D1-7987-334E-8A01-D721AD507BF6}.Debug|Any CPU.Build.0 = Debug|Any CPU
		{CE9003D1-7987-334E-8A01-D721AD507BF6}.Release|Any CPU.ActiveCfg = Release|Any CPU
		{CE9003D1-7987-334E-8A01-D721AD507BF6}.Release|Any CPU.Build.0 = Release|Any CPU
		{49796393-E6D7-887E-42F7-CA2973ECA848}.Debug|Any CPU.ActiveCfg = Debug|Any CPU
		{49796393-E6D7-887E-42F7-CA2973ECA848}.Debug|Any CPU.Build.0 = Debug|Any CPU
		{49796393-E6D7-887E-42F7-CA2973ECA848}.Release|Any CPU.ActiveCfg = Release|Any CPU
		{49796393-E6D7-887E-42F7-CA2973ECA848}.Release|Any CPU.Build.0 = Release|Any CPU
		{4ADDFEC8-18B0-53F7-D76A-B53CCFE03A5F}.Debug|Any CPU.ActiveCfg = Debug|Any CPU
		{4ADDFEC8-18B0-53F7-D76A-B53CCFE03A5F}.Debug|Any CPU.Build.0 = Debug|Any CPU
		{4ADDFEC8-18B0-53F7-D76A-B53CCFE03A5F}.Release|Any CPU.ActiveCfg = Release|Any CPU
		{4ADDFEC8-18B0-53F7-D76A-B53CCFE03A5F}.Release|Any CPU.Build.0 = Release|Any CPU
		{F08EC15C-A1EC-B4FC-679D-CFF3CAA155B5}.Debug|Any CPU.ActiveCfg = Debug|Any CPU
		{F08EC15C-A1EC-B4FC-679D-CFF3CAA155B5}.Debug|Any CPU.Build.0 = Debug|Any CPU
		{F08EC15C-A1EC-B4FC-679D-CFF3CAA155B5}.Release|Any CPU.ActiveCfg = Release|Any CPU
		{F08EC15C-A1EC-B4FC-679D-CFF3CAA155B5}.Release|Any CPU.Build.0 = Release|Any CPU
		{9BE3066A-05C6-9685-ECAD-DF39EB65C757}.Debug|Any CPU.ActiveCfg = Debug|Any CPU
		{9BE3066A-05C6-9685-ECAD-DF39EB65C757}.Debug|Any CPU.Build.0 = Debug|Any CPU
		{9BE3066A-05C6-9685-ECAD-DF39EB65C757}.Release|Any CPU.ActiveCfg = Release|Any CPU
		{9BE3066A-05C6-9685-ECAD-DF39EB65C757}.Release|Any CPU.Build.0 = Release|Any CPU
		{CC309ADA-8733-37C7-9FC4-6357527491EA}.Debug|Any CPU.ActiveCfg = Debug|Any CPU
		{CC309ADA-8733-37C7-9FC4-6357527491EA}.Debug|Any CPU.Build.0 = Debug|Any CPU
		{CC309ADA-8733-37C7-9FC4-6357527491EA}.Release|Any CPU.ActiveCfg = Release|Any CPU
		{CC309ADA-8733-37C7-9FC4-6357527491EA}.Release|Any CPU.Build.0 = Release|Any CPU
		{3549AD40-45B9-313C-AB05-94EA985FE3F0}.Debug|Any CPU.ActiveCfg = Debug|Any CPU
		{3549AD40-45B9-313C-AB05-94EA985FE3F0}.Debug|Any CPU.Build.0 = Debug|Any CPU
		{3549AD40-45B9-313C-AB05-94EA985FE3F0}.Release|Any CPU.ActiveCfg = Release|Any CPU
		{3549AD40-45B9-313C-AB05-94EA985FE3F0}.Release|Any CPU.Build.0 = Release|Any CPU
		{5320E29F-9286-A093-099E-C648E984E14B}.Debug|Any CPU.ActiveCfg = Debug|Any CPU
		{5320E29F-9286-A093-099E-C648E984E14B}.Debug|Any CPU.Build.0 = Debug|Any CPU
		{5320E29F-9286-A093-099E-C648E984E14B}.Release|Any CPU.ActiveCfg = Release|Any CPU
		{5320E29F-9286-A093-099E-C648E984E14B}.Release|Any CPU.Build.0 = Release|Any CPU
		{A9C0B95C-6649-7348-921D-590FA8C5E051}.Debug|Any CPU.ActiveCfg = Debug|Any CPU
		{A9C0B95C-6649-7348-921D-590FA8C5E051}.Debug|Any CPU.Build.0 = Debug|Any CPU
		{A9C0B95C-6649-7348-921D-590FA8C5E051}.Release|Any CPU.ActiveCfg = Release|Any CPU
		{A9C0B95C-6649-7348-921D-590FA8C5E051}.Release|Any CPU.Build.0 = Release|Any CPU
	EndGlobalSection
	GlobalSection(SolutionProperties) = preSolution
		HideSolutionNode = FALSE
	EndGlobalSection
EndGlobal
