
Microsoft Visual Studio Solution File, Format Version 12.00
# Visual Studio 15
Project("{FAE04EC0-301F-11D3-BF4B-00C04F79EFBC}") = "Unity.Timeline", "Unity.Timeline.csproj", "{04EC839E-3F3C-AC9A-90D6-FC422F135FC7}"
EndProject
Project("{FAE04EC0-301F-11D3-BF4B-00C04F79EFBC}") = "Unity.Timeline.Editor", "Unity.Timeline.Editor.csproj", "{9131BA6C-7096-0486-456E-20FB2646599C}"
EndProject
Project("{FAE04EC0-301F-11D3-BF4B-00C04F79EFBC}") = "Unity.2D.Tilemap.Editor", "Unity.2D.Tilemap.Editor.csproj", "{F6739DF0-E296-0EE8-EFBD-BA77D68F511C}"
EndProject
Project("{FAE04EC0-301F-11D3-BF4B-00C04F79EFBC}") = "Unity.TextMeshPro.Editor", "Unity.TextMeshPro.Editor.csproj", "{85A7D1A8-3AD4-E0A2-A6DB-0280C7409B18}"
EndProject
Project("{FAE04EC0-301F-11D3-BF4B-00C04F79EFBC}") = "Unity.2D.Aseprite.Editor", "Unity.2D.Aseprite.Editor.csproj", "{DD4DC59E-3610-EF3C-3069-6D56FD3EDD77}"
EndProject
Project("{FAE04EC0-301F-11D3-BF4B-00C04F79EFBC}") = "Unity.VisualScripting.Flow", "Unity.VisualScripting.Flow.csproj", "{F832C303-C63B-EB70-D597-1BF791FE068E}"
EndProject
Project("{FAE04EC0-301F-11D3-BF4B-00C04F79EFBC}") = "UnityEditor.UI", "UnityEditor.UI.csproj", "{C1917146-CAEA-D58B-2120-C258A0A614AF}"
EndProject
Project("{FAE04EC0-301F-11D3-BF4B-00C04F79EFBC}") = "Unity.PlasticSCM.Editor", "Unity.PlasticSCM.Editor.csproj", "{D45E58A2-C670-5F9F-9558-7D8A92459EF5}"
EndProject
Project("{FAE04EC0-301F-11D3-BF4B-00C04F79EFBC}") = "Unity.2D.Psdimporter.Editor", "Unity.2D.Psdimporter.Editor.csproj", "{EAF02019-2C44-DE21-A358-B5668741D220}"
EndProject
Project("{FAE04EC0-301F-11D3-BF4B-00C04F79EFBC}") = "Unity.InputSystem", "Unity.InputSystem.csproj", "{EB68484E-F6F6-D6BE-5982-2CF62B7AFD94}"
EndProject
Project("{FAE04EC0-301F-11D3-BF4B-00C04F79EFBC}") = "Unity.VisualScripting.Core", "Unity.VisualScripting.Core.csproj", "{FD3988F7-BAF4-6D59-A551-F7048FA5C4D6}"
EndProject
Project("{FAE04EC0-301F-11D3-BF4B-00C04F79EFBC}") = "Unity.Mathematics", "Unity.Mathematics.csproj", "{C9CBAA9E-0338-9D4F-4117-D05A7D9F67C5}"
EndProject
Project("{FAE04EC0-301F-11D3-BF4B-00C04F79EFBC}") = "Unity.2D.Animation.Editor", "Unity.2D.Animation.Editor.csproj", "{EA0588A7-B204-6750-1624-D3A7D960EA64}"
EndProject
Project("{FAE04EC0-301F-11D3-BF4B-00C04F79EFBC}") = "Unity.2D.Common.Path.Editor", "Unity.2D.Common.Path.Editor.csproj", "{88404964-CAA3-DC5C-3363-2E44438CC8ED}"
EndProject
Project("{FAE04EC0-301F-11D3-BF4B-00C04F79EFBC}") = "Unity.VisualScripting.Core.Editor", "Unity.VisualScripting.Core.Editor.csproj", "{56F9AEE7-E640-711B-C404-C8B7720B3C09}"
EndProject
Project("{FAE04EC0-301F-11D3-BF4B-00C04F79EFBC}") = "Unity.2D.IK.Runtime", "Unity.2D.IK.Runtime.csproj", "{4FFDD173-199D-4397-2AA5-7DE45EEFFF8B}"
EndProject
Project("{FAE04EC0-301F-11D3-BF4B-00C04F79EFBC}") = "Unity.VisualScripting.Flow.Editor", "Unity.VisualScripting.Flow.Editor.csproj", "{BCB1D30A-EDB5-FA10-9250-6AEDA03FBD41}"
EndProject
Project("{FAE04EC0-301F-11D3-BF4B-00C04F79EFBC}") = "UnityEditor.TestRunner", "UnityEditor.TestRunner.csproj", "{014B8B77-A3F6-6ACA-AF45-A4A60EB2D515}"
EndProject
Project("{FAE04EC0-301F-11D3-BF4B-00C04F79EFBC}") = "Unity.VisualScripting.SettingsProvider.Editor", "Unity.VisualScripting.SettingsProvider.Editor.csproj", "{1123E905-A4E4-D7FA-F8EA-07B53F64DFB9}"
EndProject
Project("{FAE04EC0-301F-11D3-BF4B-00C04F79EFBC}") = "UnityEngine.TestRunner", "UnityEngine.TestRunner.csproj", "{9C633849-3701-D2DD-4026-DD53306563C9}"
EndProject
Project("{FAE04EC0-301F-11D3-BF4B-00C04F79EFBC}") = "PsdPlugin", "PsdPlugin.csproj", "{6F06075A-07E7-981A-74C0-7185CD414DAB}"
EndProject
Project("{FAE04EC0-301F-11D3-BF4B-00C04F79EFBC}") = "Unity.Burst", "Unity.Burst.csproj", "{14E70698-9E34-4A35-370E-FB3299AFBCCF}"
EndProject
Project("{FAE04EC0-301F-11D3-BF4B-00C04F79EFBC}") = "UnityEngine.UI", "UnityEngine.UI.csproj", "{6BC3EDC3-1063-6700-B9D7-149ED4D13F76}"
EndProject
Project("{FAE04EC0-301F-11D3-BF4B-00C04F79EFBC}") = "Unity.Collections", "Unity.Collections.csproj", "{CB8A18E7-C7E7-1A16-AC28-B4AE45F7222A}"
EndProject
Project("{FAE04EC0-301F-11D3-BF4B-00C04F79EFBC}") = "Unity.2D.SpriteShape.Editor", "Unity.2D.SpriteShape.Editor.csproj", "{30F5CA9A-D8F1-1DCA-DD20-4A15E9C79856}"
EndProject
Project("{FAE04EC0-301F-11D3-BF4B-00C04F79EFBC}") = "Unity.VisualStudio.Editor", "Unity.VisualStudio.Editor.csproj", "{08008351-0A56-6566-C178-1A599185C7EC}"
EndProject
Project("{FAE04EC0-301F-11D3-BF4B-00C04F79EFBC}") = "Unity.2D.Tilemap.Extras.Editor", "Unity.2D.Tilemap.Extras.Editor.csproj", "{616E452D-99DD-462E-E23F-81EEE8A04350}"
EndProject
Project("{FAE04EC0-301F-11D3-BF4B-00C04F79EFBC}") = "views", "views.csproj", "{4F3482C2-EB2B-78DE-5B63-211F92692674}"
EndProject
Project("{FAE04EC0-301F-11D3-BF4B-00C04F79EFBC}") = "Unity.Rider.Editor", "Unity.Rider.Editor.csproj", "{82589813-EFB6-7AA6-DDC8-F4F78CD1D2B4}"
EndProject
Project("{FAE04EC0-301F-11D3-BF4B-00C04F79EFBC}") = "Unity.InternalAPIEditorBridge.001", "Unity.InternalAPIEditorBridge.001.csproj", "{51DB1CF8-9D3A-3F8A-FB8B-E5683AFF8A72}"
EndProject
Project("{FAE04EC0-301F-11D3-BF4B-00C04F79EFBC}") = "Unity.2D.SpriteShape.Runtime", "Unity.2D.SpriteShape.Runtime.csproj", "{72BB953B-8C6E-C412-02CB-90D53365DE3F}"
EndProject
Project("{FAE04EC0-301F-11D3-BF4B-00C04F79EFBC}") = "Unity.VisualScripting.State.Editor", "Unity.VisualScripting.State.Editor.csproj", "{4945864A-3625-0479-8355-9967FFD677F6}"
EndProject
Project("{FAE04EC0-301F-11D3-BF4B-00C04F79EFBC}") = "Unity.2D.Animation.Runtime", "Unity.2D.Animation.Runtime.csproj", "{295F0362-F18A-E317-3570-76141AA4E4D4}"
EndProject
Project("{FAE04EC0-301F-11D3-BF4B-00C04F79EFBC}") = "utils", "utils.csproj", "{33B58148-D54A-0CCA-E99D-7E6CC69C5095}"
EndProject
Project("{FAE04EC0-301F-11D3-BF4B-00C04F79EFBC}") = "Unity.Burst.CodeGen", "Unity.Burst.CodeGen.csproj", "{3400B90E-D725-60F8-2167-7562F05C1BC3}"
EndProject
Project("{FAE04EC0-301F-11D3-BF4B-00C04F79EFBC}") = "Unity.2D.Tilemap.Extras", "Unity.2D.Tilemap.Extras.csproj", "{A713A1E0-3BEC-0B49-5270-82B8FEE8315E}"
EndProject
Project("{FAE04EC0-301F-11D3-BF4B-00C04F79EFBC}") = "Unity.VisualScripting.State", "Unity.VisualScripting.State.csproj", "{0847ACB9-7770-86D4-DAEC-29B3F9CD5807}"
EndProject
Project("{FAE04EC0-301F-11D3-BF4B-00C04F79EFBC}") = "Unity.TextMeshPro", "Unity.TextMeshPro.csproj", "{C6920EC3-4F09-711B-84C4-6E8FA078DFCD}"
EndProject
Project("{FAE04EC0-301F-11D3-BF4B-00C04F79EFBC}") = "game", "game.csproj", "{68002333-7897-0C78-171C-E1CF6DF66966}"
EndProject
Project("{FAE04EC0-301F-11D3-BF4B-00C04F79EFBC}") = "Unity.2D.Aseprite.Common", "Unity.2D.Aseprite.Common.csproj", "{32E5E1E0-FD6D-4B8A-CA47-EE9AD0932CC2}"
EndProject
Project("{FAE04EC0-301F-11D3-BF4B-00C04F79EFBC}") = "Unity.2D.IK.Editor", "Unity.2D.IK.Editor.csproj", "{28CECB6E-2732-2949-E200-461D1D13FB11}"
EndProject
Project("{FAE04EC0-301F-11D3-BF4B-00C04F79EFBC}") = "Unity.InternalAPIEngineBridge.001", "Unity.InternalAPIEngineBridge.001.csproj", "{70072284-A92C-2457-97CD-184908C55E52}"
EndProject
Project("{FAE04EC0-301F-11D3-BF4B-00C04F79EFBC}") = "Unity.Burst.Editor", "Unity.Burst.Editor.csproj", "{CCFACE4C-8607-29EA-C961-26C3ABC760FC}"
EndProject
Project("{FAE04EC0-301F-11D3-BF4B-00C04F79EFBC}") = "Unity.2D.Common.Editor", "Unity.2D.Common.Editor.csproj", "{41D5D16B-2EDA-6A8B-FC3E-1ABD8B30F097}"
EndProject
Project("{FAE04EC0-301F-11D3-BF4B-00C04F79EFBC}") = "Unity.2D.Sprite.Editor", "Unity.2D.Sprite.Editor.csproj", "{4770EBDA-14E8-DF21-A529-468F3BBCFB77}"
EndProject
Project("{FAE04EC0-301F-11D3-BF4B-00C04F79EFBC}") = "ui", "ui.csproj", "{187F4A9B-08F7-524D-FA60-7A397366D804}"
EndProject
Project("{FAE04EC0-301F-11D3-BF4B-00C04F79EFBC}") = "Unity.2D.PixelPerfect", "Unity.2D.PixelPerfect.csproj", "{4A9ACEF6-DC22-C68C-14C7-BAB4D8A598D3}"
EndProject
Project("{FAE04EC0-301F-11D3-BF4B-00C04F79EFBC}") = "Unity.2D.PixelPerfect.Editor", "Unity.2D.PixelPerfect.Editor.csproj", "{671DE142-9E8B-75D2-A244-5D40C881955B}"
EndProject
Project("{FAE04EC0-301F-11D3-BF4B-00C04F79EFBC}") = "Unity.2D.Common.Runtime", "Unity.2D.Common.Runtime.csproj", "{4EF8C767-89DA-4314-ACDB-28AB422840F7}"
EndProject
Project("{FAE04EC0-301F-11D3-BF4B-00C04F79EFBC}") = "Unity.InputSystem.ForUI", "Unity.InputSystem.ForUI.csproj", "{E70DD25B-C2F6-779C-CF6E-8802E12155F8}"
EndProject
Project("{FAE04EC0-301F-11D3-BF4B-00C04F79EFBC}") = "Unity.Mathematics.Editor", "Unity.Mathematics.Editor.csproj", "{081017C2-BAE1-96FC-DE41-F03D123A32A2}"
EndProject
Project("{FAE04EC0-301F-11D3-BF4B-00C04F79EFBC}") = "Unity.InputSystem.TestFramework", "Unity.InputSystem.TestFramework.csproj", "{7A640605-F05B-986E-861A-4537D1309E1E}"
EndProject
Project("{FAE04EC0-301F-11D3-BF4B-00C04F79EFBC}") = "Unity.Collections.BurstCompatibilityGen", "Unity.Collections.BurstCompatibilityGen.csproj", "{1593E138-B30D-AF61-756C-170E709D7307}"
EndProject
Project("{FAE04EC0-301F-11D3-BF4B-00C04F79EFBC}") = "Unity.InternalAPIEditorBridge.005", "Unity.InternalAPIEditorBridge.005.csproj", "{DD3CF01C-BCB1-C87E-C51E-160A4C7E8CE1}"
EndProject
Project("{FAE04EC0-301F-11D3-BF4B-00C04F79EFBC}") = "Unity.VisualScripting.Shared.Editor", "Unity.VisualScripting.Shared.Editor.csproj", "{16351DF8-D79B-39B8-4DEF-C373B5F356D9}"
EndProject
Project("{FAE04EC0-301F-11D3-BF4B-00C04F79EFBC}") = "Unity.Collections.DocCodeSamples", "Unity.Collections.DocCodeSamples.csproj", "{BC855B49-D31E-46A1-EC0B-D867010DD251}"
EndProject
Project("{FAE04EC0-301F-11D3-BF4B-00C04F79EFBC}") = "configs", "configs.csproj", "{415C2C74-8F2D-43F9-091F-A705A3C22B34}"
EndProject
Project("{FAE04EC0-301F-11D3-BF4B-00C04F79EFBC}") = "Unity.CollabProxy.Editor", "Unity.CollabProxy.Editor.csproj", "{BFE9FD00-75FF-B5C6-45C3-364918017EFB}"
EndProject
Project("{FAE04EC0-301F-11D3-BF4B-00C04F79EFBC}") = "core", "core.csproj", "{D9E01B65-9888-2BE5-F8CB-F0CD528BDE53}"
EndProject
Global
	GlobalSection(SolutionConfigurationPlatforms) = preSolution
		Debug|Any CPU = Debug|Any CPU
		Release|Any CPU = Release|Any CPU
	EndGlobalSection
	GlobalSection(ProjectConfigurationPlatforms) = postSolution
		{04EC839E-3F3C-AC9A-90D6-FC422F135FC7}.Debug|Any CPU.ActiveCfg = Debug|Any CPU
		{04EC839E-3F3C-AC9A-90D6-FC422F135FC7}.Debug|Any CPU.Build.0 = Debug|Any CPU
		{04EC839E-3F3C-AC9A-90D6-FC422F135FC7}.Release|Any CPU.ActiveCfg = Release|Any CPU
		{04EC839E-3F3C-AC9A-90D6-FC422F135FC7}.Release|Any CPU.Build.0 = Release|Any CPU
		{9131BA6C-7096-0486-456E-20FB2646599C}.Debug|Any CPU.ActiveCfg = Debug|Any CPU
		{9131BA6C-7096-0486-456E-20FB2646599C}.Debug|Any CPU.Build.0 = Debug|Any CPU
		{9131BA6C-7096-0486-456E-20FB2646599C}.Release|Any CPU.ActiveCfg = Release|Any CPU
		{9131BA6C-7096-0486-456E-20FB2646599C}.Release|Any CPU.Build.0 = Release|Any CPU
		{F6739DF0-E296-0EE8-EFBD-BA77D68F511C}.Debug|Any CPU.ActiveCfg = Debug|Any CPU
		{F6739DF0-E296-0EE8-EFBD-BA77D68F511C}.Debug|Any CPU.Build.0 = Debug|Any CPU
		{F6739DF0-E296-0EE8-EFBD-BA77D68F511C}.Release|Any CPU.ActiveCfg = Release|Any CPU
		{F6739DF0-E296-0EE8-EFBD-BA77D68F511C}.Release|Any CPU.Build.0 = Release|Any CPU
		{85A7D1A8-3AD4-E0A2-A6DB-0280C7409B18}.Debug|Any CPU.ActiveCfg = Debug|Any CPU
		{85A7D1A8-3AD4-E0A2-A6DB-0280C7409B18}.Debug|Any CPU.Build.0 = Debug|Any CPU
		{85A7D1A8-3AD4-E0A2-A6DB-0280C7409B18}.Release|Any CPU.ActiveCfg = Release|Any CPU
		{85A7D1A8-3AD4-E0A2-A6DB-0280C7409B18}.Release|Any CPU.Build.0 = Release|Any CPU
		{DD4DC59E-3610-EF3C-3069-6D56FD3EDD77}.Debug|Any CPU.ActiveCfg = Debug|Any CPU
		{DD4DC59E-3610-EF3C-3069-6D56FD3EDD77}.Debug|Any CPU.Build.0 = Debug|Any CPU
		{DD4DC59E-3610-EF3C-3069-6D56FD3EDD77}.Release|Any CPU.ActiveCfg = Release|Any CPU
		{DD4DC59E-3610-EF3C-3069-6D56FD3EDD77}.Release|Any CPU.Build.0 = Release|Any CPU
		{F832C303-C63B-EB70-D597-1BF791FE068E}.Debug|Any CPU.ActiveCfg = Debug|Any CPU
		{F832C303-C63B-EB70-D597-1BF791FE068E}.Debug|Any CPU.Build.0 = Debug|Any CPU
		{F832C303-C63B-EB70-D597-1BF791FE068E}.Release|Any CPU.ActiveCfg = Release|Any CPU
		{F832C303-C63B-EB70-D597-1BF791FE068E}.Release|Any CPU.Build.0 = Release|Any CPU
		{C1917146-CAEA-D58B-2120-C258A0A614AF}.Debug|Any CPU.ActiveCfg = Debug|Any CPU
		{C1917146-CAEA-D58B-2120-C258A0A614AF}.Debug|Any CPU.Build.0 = Debug|Any CPU
		{C1917146-CAEA-D58B-2120-C258A0A614AF}.Release|Any CPU.ActiveCfg = Release|Any CPU
		{C1917146-CAEA-D58B-2120-C258A0A614AF}.Release|Any CPU.Build.0 = Release|Any CPU
		{D45E58A2-C670-5F9F-9558-7D8A92459EF5}.Debug|Any CPU.ActiveCfg = Debug|Any CPU
		{D45E58A2-C670-5F9F-9558-7D8A92459EF5}.Debug|Any CPU.Build.0 = Debug|Any CPU
		{D45E58A2-C670-5F9F-9558-7D8A92459EF5}.Release|Any CPU.ActiveCfg = Release|Any CPU
		{D45E58A2-C670-5F9F-9558-7D8A92459EF5}.Release|Any CPU.Build.0 = Release|Any CPU
		{EAF02019-2C44-DE21-A358-B5668741D220}.Debug|Any CPU.ActiveCfg = Debug|Any CPU
		{EAF02019-2C44-DE21-A358-B5668741D220}.Debug|Any CPU.Build.0 = Debug|Any CPU
		{EAF02019-2C44-DE21-A358-B5668741D220}.Release|Any CPU.ActiveCfg = Release|Any CPU
		{EAF02019-2C44-DE21-A358-B5668741D220}.Release|Any CPU.Build.0 = Release|Any CPU
		{EB68484E-F6F6-D6BE-5982-2CF62B7AFD94}.Debug|Any CPU.ActiveCfg = Debug|Any CPU
		{EB68484E-F6F6-D6BE-5982-2CF62B7AFD94}.Debug|Any CPU.Build.0 = Debug|Any CPU
		{EB68484E-F6F6-D6BE-5982-2CF62B7AFD94}.Release|Any CPU.ActiveCfg = Release|Any CPU
		{EB68484E-F6F6-D6BE-5982-2CF62B7AFD94}.Release|Any CPU.Build.0 = Release|Any CPU
		{FD3988F7-BAF4-6D59-A551-F7048FA5C4D6}.Debug|Any CPU.ActiveCfg = Debug|Any CPU
		{FD3988F7-BAF4-6D59-A551-F7048FA5C4D6}.Debug|Any CPU.Build.0 = Debug|Any CPU
		{FD3988F7-BAF4-6D59-A551-F7048FA5C4D6}.Release|Any CPU.ActiveCfg = Release|Any CPU
		{FD3988F7-BAF4-6D59-A551-F7048FA5C4D6}.Release|Any CPU.Build.0 = Release|Any CPU
		{C9CBAA9E-0338-9D4F-4117-D05A7D9F67C5}.Debug|Any CPU.ActiveCfg = Debug|Any CPU
		{C9CBAA9E-0338-9D4F-4117-D05A7D9F67C5}.Debug|Any CPU.Build.0 = Debug|Any CPU
		{C9CBAA9E-0338-9D4F-4117-D05A7D9F67C5}.Release|Any CPU.ActiveCfg = Release|Any CPU
		{C9CBAA9E-0338-9D4F-4117-D05A7D9F67C5}.Release|Any CPU.Build.0 = Release|Any CPU
		{EA0588A7-B204-6750-1624-D3A7D960EA64}.Debug|Any CPU.ActiveCfg = Debug|Any CPU
		{EA0588A7-B204-6750-1624-D3A7D960EA64}.Debug|Any CPU.Build.0 = Debug|Any CPU
		{EA0588A7-B204-6750-1624-D3A7D960EA64}.Release|Any CPU.ActiveCfg = Release|Any CPU
		{EA0588A7-B204-6750-1624-D3A7D960EA64}.Release|Any CPU.Build.0 = Release|Any CPU
		{88404964-CAA3-DC5C-3363-2E44438CC8ED}.Debug|Any CPU.ActiveCfg = Debug|Any CPU
		{88404964-CAA3-DC5C-3363-2E44438CC8ED}.Debug|Any CPU.Build.0 = Debug|Any CPU
		{88404964-CAA3-DC5C-3363-2E44438CC8ED}.Release|Any CPU.ActiveCfg = Release|Any CPU
		{88404964-CAA3-DC5C-3363-2E44438CC8ED}.Release|Any CPU.Build.0 = Release|Any CPU
		{56F9AEE7-E640-711B-C404-C8B7720B3C09}.Debug|Any CPU.ActiveCfg = Debug|Any CPU
		{56F9AEE7-E640-711B-C404-C8B7720B3C09}.Debug|Any CPU.Build.0 = Debug|Any CPU
		{56F9AEE7-E640-711B-C404-C8B7720B3C09}.Release|Any CPU.ActiveCfg = Release|Any CPU
		{56F9AEE7-E640-711B-C404-C8B7720B3C09}.Release|Any CPU.Build.0 = Release|Any CPU
		{4FFDD173-199D-4397-2AA5-7DE45EEFFF8B}.Debug|Any CPU.ActiveCfg = Debug|Any CPU
		{4FFDD173-199D-4397-2AA5-7DE45EEFFF8B}.Debug|Any CPU.Build.0 = Debug|Any CPU
		{4FFDD173-199D-4397-2AA5-7DE45EEFFF8B}.Release|Any CPU.ActiveCfg = Release|Any CPU
		{4FFDD173-199D-4397-2AA5-7DE45EEFFF8B}.Release|Any CPU.Build.0 = Release|Any CPU
		{BCB1D30A-EDB5-FA10-9250-6AEDA03FBD41}.Debug|Any CPU.ActiveCfg = Debug|Any CPU
		{BCB1D30A-EDB5-FA10-9250-6AEDA03FBD41}.Debug|Any CPU.Build.0 = Debug|Any CPU
		{BCB1D30A-EDB5-FA10-9250-6AEDA03FBD41}.Release|Any CPU.ActiveCfg = Release|Any CPU
		{BCB1D30A-EDB5-FA10-9250-6AEDA03FBD41}.Release|Any CPU.Build.0 = Release|Any CPU
		{014B8B77-A3F6-6ACA-AF45-A4A60EB2D515}.Debug|Any CPU.ActiveCfg = Debug|Any CPU
		{014B8B77-A3F6-6ACA-AF45-A4A60EB2D515}.Debug|Any CPU.Build.0 = Debug|Any CPU
		{014B8B77-A3F6-6ACA-AF45-A4A60EB2D515}.Release|Any CPU.ActiveCfg = Release|Any CPU
		{014B8B77-A3F6-6ACA-AF45-A4A60EB2D515}.Release|Any CPU.Build.0 = Release|Any CPU
		{1123E905-A4E4-D7FA-F8EA-07B53F64DFB9}.Debug|Any CPU.ActiveCfg = Debug|Any CPU
		{1123E905-A4E4-D7FA-F8EA-07B53F64DFB9}.Debug|Any CPU.Build.0 = Debug|Any CPU
		{1123E905-A4E4-D7FA-F8EA-07B53F64DFB9}.Release|Any CPU.ActiveCfg = Release|Any CPU
		{1123E905-A4E4-D7FA-F8EA-07B53F64DFB9}.Release|Any CPU.Build.0 = Release|Any CPU
		{9C633849-3701-D2DD-4026-DD53306563C9}.Debug|Any CPU.ActiveCfg = Debug|Any CPU
		{9C633849-3701-D2DD-4026-DD53306563C9}.Debug|Any CPU.Build.0 = Debug|Any CPU
		{9C633849-3701-D2DD-4026-DD53306563C9}.Release|Any CPU.ActiveCfg = Release|Any CPU
		{9C633849-3701-D2DD-4026-DD53306563C9}.Release|Any CPU.Build.0 = Release|Any CPU
		{6F06075A-07E7-981A-74C0-7185CD414DAB}.Debug|Any CPU.ActiveCfg = Debug|Any CPU
		{6F06075A-07E7-981A-74C0-7185CD414DAB}.Debug|Any CPU.Build.0 = Debug|Any CPU
		{6F06075A-07E7-981A-74C0-7185CD414DAB}.Release|Any CPU.ActiveCfg = Release|Any CPU
		{6F06075A-07E7-981A-74C0-7185CD414DAB}.Release|Any CPU.Build.0 = Release|Any CPU
		{14E70698-9E34-4A35-370E-FB3299AFBCCF}.Debug|Any CPU.ActiveCfg = Debug|Any CPU
		{14E70698-9E34-4A35-370E-FB3299AFBCCF}.Debug|Any CPU.Build.0 = Debug|Any CPU
		{14E70698-9E34-4A35-370E-FB3299AFBCCF}.Release|Any CPU.ActiveCfg = Release|Any CPU
		{14E70698-9E34-4A35-370E-FB3299AFBCCF}.Release|Any CPU.Build.0 = Release|Any CPU
		{6BC3EDC3-1063-6700-B9D7-149ED4D13F76}.Debug|Any CPU.ActiveCfg = Debug|Any CPU
		{6BC3EDC3-1063-6700-B9D7-149ED4D13F76}.Debug|Any CPU.Build.0 = Debug|Any CPU
		{6BC3EDC3-1063-6700-B9D7-149ED4D13F76}.Release|Any CPU.ActiveCfg = Release|Any CPU
		{6BC3EDC3-1063-6700-B9D7-149ED4D13F76}.Release|Any CPU.Build.0 = Release|Any CPU
		{CB8A18E7-C7E7-1A16-AC28-B4AE45F7222A}.Debug|Any CPU.ActiveCfg = Debug|Any CPU
		{CB8A18E7-C7E7-1A16-AC28-B4AE45F7222A}.Debug|Any CPU.Build.0 = Debug|Any CPU
		{CB8A18E7-C7E7-1A16-AC28-B4AE45F7222A}.Release|Any CPU.ActiveCfg = Release|Any CPU
		{CB8A18E7-C7E7-1A16-AC28-B4AE45F7222A}.Release|Any CPU.Build.0 = Release|Any CPU
		{30F5CA9A-D8F1-1DCA-DD20-4A15E9C79856}.Debug|Any CPU.ActiveCfg = Debug|Any CPU
		{30F5CA9A-D8F1-1DCA-DD20-4A15E9C79856}.Debug|Any CPU.Build.0 = Debug|Any CPU
		{30F5CA9A-D8F1-1DCA-DD20-4A15E9C79856}.Release|Any CPU.ActiveCfg = Release|Any CPU
		{30F5CA9A-D8F1-1DCA-DD20-4A15E9C79856}.Release|Any CPU.Build.0 = Release|Any CPU
		{08008351-0A56-6566-C178-1A599185C7EC}.Debug|Any CPU.ActiveCfg = Debug|Any CPU
		{08008351-0A56-6566-C178-1A599185C7EC}.Debug|Any CPU.Build.0 = Debug|Any CPU
		{08008351-0A56-6566-C178-1A599185C7EC}.Release|Any CPU.ActiveCfg = Release|Any CPU
		{08008351-0A56-6566-C178-1A599185C7EC}.Release|Any CPU.Build.0 = Release|Any CPU
		{616E452D-99DD-462E-E23F-81EEE8A04350}.Debug|Any CPU.ActiveCfg = Debug|Any CPU
		{616E452D-99DD-462E-E23F-81EEE8A04350}.Debug|Any CPU.Build.0 = Debug|Any CPU
		{616E452D-99DD-462E-E23F-81EEE8A04350}.Release|Any CPU.ActiveCfg = Release|Any CPU
		{616E452D-99DD-462E-E23F-81EEE8A04350}.Release|Any CPU.Build.0 = Release|Any CPU
		{4F3482C2-EB2B-78DE-5B63-211F92692674}.Debug|Any CPU.ActiveCfg = Debug|Any CPU
		{4F3482C2-EB2B-78DE-5B63-211F92692674}.Debug|Any CPU.Build.0 = Debug|Any CPU
		{4F3482C2-EB2B-78DE-5B63-211F92692674}.Release|Any CPU.ActiveCfg = Release|Any CPU
		{4F3482C2-EB2B-78DE-5B63-211F92692674}.Release|Any CPU.Build.0 = Release|Any CPU
		{82589813-EFB6-7AA6-DDC8-F4F78CD1D2B4}.Debug|Any CPU.ActiveCfg = Debug|Any CPU
		{82589813-EFB6-7AA6-DDC8-F4F78CD1D2B4}.Debug|Any CPU.Build.0 = Debug|Any CPU
		{82589813-EFB6-7AA6-DDC8-F4F78CD1D2B4}.Release|Any CPU.ActiveCfg = Release|Any CPU
		{82589813-EFB6-7AA6-DDC8-F4F78CD1D2B4}.Release|Any CPU.Build.0 = Release|Any CPU
		{51DB1CF8-9D3A-3F8A-FB8B-E5683AFF8A72}.Debug|Any CPU.ActiveCfg = Debug|Any CPU
		{51DB1CF8-9D3A-3F8A-FB8B-E5683AFF8A72}.Debug|Any CPU.Build.0 = Debug|Any CPU
		{51DB1CF8-9D3A-3F8A-FB8B-E5683AFF8A72}.Release|Any CPU.ActiveCfg = Release|Any CPU
		{51DB1CF8-9D3A-3F8A-FB8B-E5683AFF8A72}.Release|Any CPU.Build.0 = Release|Any CPU
		{72BB953B-8C6E-C412-02CB-90D53365DE3F}.Debug|Any CPU.ActiveCfg = Debug|Any CPU
		{72BB953B-8C6E-C412-02CB-90D53365DE3F}.Debug|Any CPU.Build.0 = Debug|Any CPU
		{72BB953B-8C6E-C412-02CB-90D53365DE3F}.Release|Any CPU.ActiveCfg = Release|Any CPU
		{72BB953B-8C6E-C412-02CB-90D53365DE3F}.Release|Any CPU.Build.0 = Release|Any CPU
		{4945864A-3625-0479-8355-9967FFD677F6}.Debug|Any CPU.ActiveCfg = Debug|Any CPU
		{4945864A-3625-0479-8355-9967FFD677F6}.Debug|Any CPU.Build.0 = Debug|Any CPU
		{4945864A-3625-0479-8355-9967FFD677F6}.Release|Any CPU.ActiveCfg = Release|Any CPU
		{4945864A-3625-0479-8355-9967FFD677F6}.Release|Any CPU.Build.0 = Release|Any CPU
		{295F0362-F18A-E317-3570-76141AA4E4D4}.Debug|Any CPU.ActiveCfg = Debug|Any CPU
		{295F0362-F18A-E317-3570-76141AA4E4D4}.Debug|Any CPU.Build.0 = Debug|Any CPU
		{295F0362-F18A-E317-3570-76141AA4E4D4}.Release|Any CPU.ActiveCfg = Release|Any CPU
		{295F0362-F18A-E317-3570-76141AA4E4D4}.Release|Any CPU.Build.0 = Release|Any CPU
		{33B58148-D54A-0CCA-E99D-7E6CC69C5095}.Debug|Any CPU.ActiveCfg = Debug|Any CPU
		{33B58148-D54A-0CCA-E99D-7E6CC69C5095}.Debug|Any CPU.Build.0 = Debug|Any CPU
		{33B58148-D54A-0CCA-E99D-7E6CC69C5095}.Release|Any CPU.ActiveCfg = Release|Any CPU
		{33B58148-D54A-0CCA-E99D-7E6CC69C5095}.Release|Any CPU.Build.0 = Release|Any CPU
		{3400B90E-D725-60F8-2167-7562F05C1BC3}.Debug|Any CPU.ActiveCfg = Debug|Any CPU
		{3400B90E-D725-60F8-2167-7562F05C1BC3}.Debug|Any CPU.Build.0 = Debug|Any CPU
		{3400B90E-D725-60F8-2167-7562F05C1BC3}.Release|Any CPU.ActiveCfg = Release|Any CPU
		{3400B90E-D725-60F8-2167-7562F05C1BC3}.Release|Any CPU.Build.0 = Release|Any CPU
		{A713A1E0-3BEC-0B49-5270-82B8FEE8315E}.Debug|Any CPU.ActiveCfg = Debug|Any CPU
		{A713A1E0-3BEC-0B49-5270-82B8FEE8315E}.Debug|Any CPU.Build.0 = Debug|Any CPU
		{A713A1E0-3BEC-0B49-5270-82B8FEE8315E}.Release|Any CPU.ActiveCfg = Release|Any CPU
		{A713A1E0-3BEC-0B49-5270-82B8FEE8315E}.Release|Any CPU.Build.0 = Release|Any CPU
		{0847ACB9-7770-86D4-DAEC-29B3F9CD5807}.Debug|Any CPU.ActiveCfg = Debug|Any CPU
		{0847ACB9-7770-86D4-DAEC-29B3F9CD5807}.Debug|Any CPU.Build.0 = Debug|Any CPU
		{0847ACB9-7770-86D4-DAEC-29B3F9CD5807}.Release|Any CPU.ActiveCfg = Release|Any CPU
		{0847ACB9-7770-86D4-DAEC-29B3F9CD5807}.Release|Any CPU.Build.0 = Release|Any CPU
		{C6920EC3-4F09-711B-84C4-6E8FA078DFCD}.Debug|Any CPU.ActiveCfg = Debug|Any CPU
		{C6920EC3-4F09-711B-84C4-6E8FA078DFCD}.Debug|Any CPU.Build.0 = Debug|Any CPU
		{C6920EC3-4F09-711B-84C4-6E8FA078DFCD}.Release|Any CPU.ActiveCfg = Release|Any CPU
		{C6920EC3-4F09-711B-84C4-6E8FA078DFCD}.Release|Any CPU.Build.0 = Release|Any CPU
		{68002333-7897-0C78-171C-E1CF6DF66966}.Debug|Any CPU.ActiveCfg = Debug|Any CPU
		{68002333-7897-0C78-171C-E1CF6DF66966}.Debug|Any CPU.Build.0 = Debug|Any CPU
		{68002333-7897-0C78-171C-E1CF6DF66966}.Release|Any CPU.ActiveCfg = Release|Any CPU
		{68002333-7897-0C78-171C-E1CF6DF66966}.Release|Any CPU.Build.0 = Release|Any CPU
		{32E5E1E0-FD6D-4B8A-CA47-EE9AD0932CC2}.Debug|Any CPU.ActiveCfg = Debug|Any CPU
		{32E5E1E0-FD6D-4B8A-CA47-EE9AD0932CC2}.Debug|Any CPU.Build.0 = Debug|Any CPU
		{32E5E1E0-FD6D-4B8A-CA47-EE9AD0932CC2}.Release|Any CPU.ActiveCfg = Release|Any CPU
		{32E5E1E0-FD6D-4B8A-CA47-EE9AD0932CC2}.Release|Any CPU.Build.0 = Release|Any CPU
		{28CECB6E-2732-2949-E200-461D1D13FB11}.Debug|Any CPU.ActiveCfg = Debug|Any CPU
		{28CECB6E-2732-2949-E200-461D1D13FB11}.Debug|Any CPU.Build.0 = Debug|Any CPU
		{28CECB6E-2732-2949-E200-461D1D13FB11}.Release|Any CPU.ActiveCfg = Release|Any CPU
		{28CECB6E-2732-2949-E200-461D1D13FB11}.Release|Any CPU.Build.0 = Release|Any CPU
		{70072284-A92C-2457-97CD-184908C55E52}.Debug|Any CPU.ActiveCfg = Debug|Any CPU
		{70072284-A92C-2457-97CD-184908C55E52}.Debug|Any CPU.Build.0 = Debug|Any CPU
		{70072284-A92C-2457-97CD-184908C55E52}.Release|Any CPU.ActiveCfg = Release|Any CPU
		{70072284-A92C-2457-97CD-184908C55E52}.Release|Any CPU.Build.0 = Release|Any CPU
		{CCFACE4C-8607-29EA-C961-26C3ABC760FC}.Debug|Any CPU.ActiveCfg = Debug|Any CPU
		{CCFACE4C-8607-29EA-C961-26C3ABC760FC}.Debug|Any CPU.Build.0 = Debug|Any CPU
		{CCFACE4C-8607-29EA-C961-26C3ABC760FC}.Release|Any CPU.ActiveCfg = Release|Any CPU
		{CCFACE4C-8607-29EA-C961-26C3ABC760FC}.Release|Any CPU.Build.0 = Release|Any CPU
		{41D5D16B-2EDA-6A8B-FC3E-1ABD8B30F097}.Debug|Any CPU.ActiveCfg = Debug|Any CPU
		{41D5D16B-2EDA-6A8B-FC3E-1ABD8B30F097}.Debug|Any CPU.Build.0 = Debug|Any CPU
		{41D5D16B-2EDA-6A8B-FC3E-1ABD8B30F097}.Release|Any CPU.ActiveCfg = Release|Any CPU
		{41D5D16B-2EDA-6A8B-FC3E-1ABD8B30F097}.Release|Any CPU.Build.0 = Release|Any CPU
		{4770EBDA-14E8-DF21-A529-468F3BBCFB77}.Debug|Any CPU.ActiveCfg = Debug|Any CPU
		{4770EBDA-14E8-DF21-A529-468F3BBCFB77}.Debug|Any CPU.Build.0 = Debug|Any CPU
		{4770EBDA-14E8-DF21-A529-468F3BBCFB77}.Release|Any CPU.ActiveCfg = Release|Any CPU
		{4770EBDA-14E8-DF21-A529-468F3BBCFB77}.Release|Any CPU.Build.0 = Release|Any CPU
		{187F4A9B-08F7-524D-FA60-7A397366D804}.Debug|Any CPU.ActiveCfg = Debug|Any CPU
		{187F4A9B-08F7-524D-FA60-7A397366D804}.Debug|Any CPU.Build.0 = Debug|Any CPU
		{187F4A9B-08F7-524D-FA60-7A397366D804}.Release|Any CPU.ActiveCfg = Release|Any CPU
		{187F4A9B-08F7-524D-FA60-7A397366D804}.Release|Any CPU.Build.0 = Release|Any CPU
		{4A9ACEF6-DC22-C68C-14C7-BAB4D8A598D3}.Debug|Any CPU.ActiveCfg = Debug|Any CPU
		{4A9ACEF6-DC22-C68C-14C7-BAB4D8A598D3}.Debug|Any CPU.Build.0 = Debug|Any CPU
		{4A9ACEF6-DC22-C68C-14C7-BAB4D8A598D3}.Release|Any CPU.ActiveCfg = Release|Any CPU
		{4A9ACEF6-DC22-C68C-14C7-BAB4D8A598D3}.Release|Any CPU.Build.0 = Release|Any CPU
		{671DE142-9E8B-75D2-A244-5D40C881955B}.Debug|Any CPU.ActiveCfg = Debug|Any CPU
		{671DE142-9E8B-75D2-A244-5D40C881955B}.Debug|Any CPU.Build.0 = Debug|Any CPU
		{671DE142-9E8B-75D2-A244-5D40C881955B}.Release|Any CPU.ActiveCfg = Release|Any CPU
		{671DE142-9E8B-75D2-A244-5D40C881955B}.Release|Any CPU.Build.0 = Release|Any CPU
		{4EF8C767-89DA-4314-ACDB-28AB422840F7}.Debug|Any CPU.ActiveCfg = Debug|Any CPU
		{4EF8C767-89DA-4314-ACDB-28AB422840F7}.Debug|Any CPU.Build.0 = Debug|Any CPU
		{4EF8C767-89DA-4314-ACDB-28AB422840F7}.Release|Any CPU.ActiveCfg = Release|Any CPU
		{4EF8C767-89DA-4314-ACDB-28AB422840F7}.Release|Any CPU.Build.0 = Release|Any CPU
		{E70DD25B-C2F6-779C-CF6E-8802E12155F8}.Debug|Any CPU.ActiveCfg = Debug|Any CPU
		{E70DD25B-C2F6-779C-CF6E-8802E12155F8}.Debug|Any CPU.Build.0 = Debug|Any CPU
		{E70DD25B-C2F6-779C-CF6E-8802E12155F8}.Release|Any CPU.ActiveCfg = Release|Any CPU
		{E70DD25B-C2F6-779C-CF6E-8802E12155F8}.Release|Any CPU.Build.0 = Release|Any CPU
		{081017C2-BAE1-96FC-DE41-F03D123A32A2}.Debug|Any CPU.ActiveCfg = Debug|Any CPU
		{081017C2-BAE1-96FC-DE41-F03D123A32A2}.Debug|Any CPU.Build.0 = Debug|Any CPU
		{081017C2-BAE1-96FC-DE41-F03D123A32A2}.Release|Any CPU.ActiveCfg = Release|Any CPU
		{081017C2-BAE1-96FC-DE41-F03D123A32A2}.Release|Any CPU.Build.0 = Release|Any CPU
		{7A640605-F05B-986E-861A-4537D1309E1E}.Debug|Any CPU.ActiveCfg = Debug|Any CPU
		{7A640605-F05B-986E-861A-4537D1309E1E}.Debug|Any CPU.Build.0 = Debug|Any CPU
		{7A640605-F05B-986E-861A-4537D1309E1E}.Release|Any CPU.ActiveCfg = Release|Any CPU
		{7A640605-F05B-986E-861A-4537D1309E1E}.Release|Any CPU.Build.0 = Release|Any CPU
		{1593E138-B30D-AF61-756C-170E709D7307}.Debug|Any CPU.ActiveCfg = Debug|Any CPU
		{1593E138-B30D-AF61-756C-170E709D7307}.Debug|Any CPU.Build.0 = Debug|Any CPU
		{1593E138-B30D-AF61-756C-170E709D7307}.Release|Any CPU.ActiveCfg = Release|Any CPU
		{1593E138-B30D-AF61-756C-170E709D7307}.Release|Any CPU.Build.0 = Release|Any CPU
		{DD3CF01C-BCB1-C87E-C51E-160A4C7E8CE1}.Debug|Any CPU.ActiveCfg = Debug|Any CPU
		{DD3CF01C-BCB1-C87E-C51E-160A4C7E8CE1}.Debug|Any CPU.Build.0 = Debug|Any CPU
		{DD3CF01C-BCB1-C87E-C51E-160A4C7E8CE1}.Release|Any CPU.ActiveCfg = Release|Any CPU
		{DD3CF01C-BCB1-C87E-C51E-160A4C7E8CE1}.Release|Any CPU.Build.0 = Release|Any CPU
		{16351DF8-D79B-39B8-4DEF-C373B5F356D9}.Debug|Any CPU.ActiveCfg = Debug|Any CPU
		{16351DF8-D79B-39B8-4DEF-C373B5F356D9}.Debug|Any CPU.Build.0 = Debug|Any CPU
		{16351DF8-D79B-39B8-4DEF-C373B5F356D9}.Release|Any CPU.ActiveCfg = Release|Any CPU
		{16351DF8-D79B-39B8-4DEF-C373B5F356D9}.Release|Any CPU.Build.0 = Release|Any CPU
		{BC855B49-D31E-46A1-EC0B-D867010DD251}.Debug|Any CPU.ActiveCfg = Debug|Any CPU
		{BC855B49-D31E-46A1-EC0B-D867010DD251}.Debug|Any CPU.Build.0 = Debug|Any CPU
		{BC855B49-D31E-46A1-EC0B-D867010DD251}.Release|Any CPU.ActiveCfg = Release|Any CPU
		{BC855B49-D31E-46A1-EC0B-D867010DD251}.Release|Any CPU.Build.0 = Release|Any CPU
		{415C2C74-8F2D-43F9-091F-A705A3C22B34}.Debug|Any CPU.ActiveCfg = Debug|Any CPU
		{415C2C74-8F2D-43F9-091F-A705A3C22B34}.Debug|Any CPU.Build.0 = Debug|Any CPU
		{415C2C74-8F2D-43F9-091F-A705A3C22B34}.Release|Any CPU.ActiveCfg = Release|Any CPU
		{415C2C74-8F2D-43F9-091F-A705A3C22B34}.Release|Any CPU.Build.0 = Release|Any CPU
		{BFE9FD00-75FF-B5C6-45C3-364918017EFB}.Debug|Any CPU.ActiveCfg = Debug|Any CPU
		{BFE9FD00-75FF-B5C6-45C3-364918017EFB}.Debug|Any CPU.Build.0 = Debug|Any CPU
		{BFE9FD00-75FF-B5C6-45C3-364918017EFB}.Release|Any CPU.ActiveCfg = Release|Any CPU
		{BFE9FD00-75FF-B5C6-45C3-364918017EFB}.Release|Any CPU.Build.0 = Release|Any CPU
		{D9E01B65-9888-2BE5-F8CB-F0CD528BDE53}.Debug|Any CPU.ActiveCfg = Debug|Any CPU
		{D9E01B65-9888-2BE5-F8CB-F0CD528BDE53}.Debug|Any CPU.Build.0 = Debug|Any CPU
		{D9E01B65-9888-2BE5-F8CB-F0CD528BDE53}.Release|Any CPU.ActiveCfg = Release|Any CPU
		{D9E01B65-9888-2BE5-F8CB-F0CD528BDE53}.Release|Any CPU.Build.0 = Release|Any CPU
	EndGlobalSection
	GlobalSection(SolutionProperties) = preSolution
		HideSolutionNode = FALSE
	EndGlobalSection
EndGlobal
